
Microsoft Visual Studio Solution File, Format Version 11.00
# Visual Studio 2010
Project("{8BC9CEB8-8B4A-11D0-8D11-00A0C91BC942}") = "proyecto final poo", "proyecto final poo\proyecto final poo.vcxproj", "{9F121E6E-59D5-45A9-8991-B4B8129EED19}"
EndProject
Global
	GlobalSection(SolutionConfigurationPlatforms) = preSolution
		Debug|Win32 = Debug|Win32
		Release|Win32 = Release|Win32
	EndGlobalSection
	GlobalSection(ProjectConfigurationPlatforms) = postSolution
		{9F121E6E-59D5-45A9-8991-B4B8129EED19}.Debug|Win32.ActiveCfg = Debug|Win32
		{9F121E6E-59D5-45A9-8991-B4B8129EED19}.Debug|Win32.Build.0 = Debug|Win32
		{9F121E6E-59D5-45A9-8991-B4B8129EED19}.Release|Win32.ActiveCfg = Release|Win32
		{9F121E6E-59D5-45A9-8991-B4B8129EED19}.Release|Win32.Build.0 = Release|Win32
	EndGlobalSection
	GlobalSection(SolutionProperties) = preSolution
		HideSolutionNode = FALSE
	EndGlobalSection
EndGlobal
